
Microsoft Visual Studio Solution File, Format Version 12.00
# Visual Studio Version 16
VisualStudioVersion = 16.0.30914.41
MinimumVisualStudioVersion = 10.0.40219.1
Project("{9A19103F-16F7-4668-BE54-9A1E7A4F7556}") = "TestRunner", "TestRunner\TestRunner.csproj", "{02B75BA5-7333-4598-B7F7-04959E862909}"
EndProject
Project("{9A19103F-16F7-4668-BE54-9A1E7A4F7556}") = "FunctionApp1", "FunctionApp1\FunctionApp1.csproj", "{AF1C32BA-FADB-4D3D-9ABC-150565897285}"
EndProject
Global
	GlobalSection(SolutionConfigurationPlatforms) = preSolution
		Debug|Any CPU = Debug|Any CPU
		Release|Any CPU = Release|Any CPU
	EndGlobalSection
	GlobalSection(ProjectConfigurationPlatforms) = postSolution
		{02B75BA5-7333-4598-B7F7-04959E862909}.Debug|Any CPU.ActiveCfg = Debug|Any CPU
		{02B75BA5-7333-4598-B7F7-04959E862909}.Debug|Any CPU.Build.0 = Debug|Any CPU
		{02B75BA5-7333-4598-B7F7-04959E862909}.Release|Any CPU.ActiveCfg = Release|Any CPU
		{02B75BA5-7333-4598-B7F7-04959E862909}.Release|Any CPU.Build.0 = Release|Any CPU
		{AF1C32BA-FADB-4D3D-9ABC-150565897285}.Debug|Any CPU.ActiveCfg = Debug|Any CPU
		{AF1C32BA-FADB-4D3D-9ABC-150565897285}.Debug|Any CPU.Build.0 = Debug|Any CPU
		{AF1C32BA-FADB-4D3D-9ABC-150565897285}.Release|Any CPU.ActiveCfg = Release|Any CPU
		{AF1C32BA-FADB-4D3D-9ABC-150565897285}.Release|Any CPU.Build.0 = Release|Any CPU
	EndGlobalSection
	GlobalSection(SolutionProperties) = preSolution
		HideSolutionNode = FALSE
	EndGlobalSection
	GlobalSection(ExtensibilityGlobals) = postSolution
		SolutionGuid = {89D05AE9-E68A-44EF-934F-C406CFBDE197}
	EndGlobalSection
EndGlobal
